
Microsoft Visual Studio Solution File, Format Version 12.00
# Visual Studio Version 17
VisualStudioVersion = 17.14.36429.23
MinimumVisualStudioVersion = 10.0.40219.1
Project("{FAE04EC0-301F-11D3-BF4B-00C04F79EFBC}") = "Ignyte.BlazorMessenger.API", "Ignyte.BlazorMessenger.API\Ignyte.BlazorMessenger.API.csproj", "{DB581695-42BC-43AD-B06B-F21A47BF26F6}"
EndProject
Project("{FAE04EC0-301F-11D3-BF4B-00C04F79EFBC}") = "Ignyte.BlazorMessenger.DataLayer", "Ignyte.BlazorMessenger.DataLayer\Ignyte.BlazorMessenger.DataLayer.csproj", "{EADA7F30-01F2-4364-AA0E-B3B13CA3CEDD}"
EndProject
Project("{FAE04EC0-301F-11D3-BF4B-00C04F79EFBC}") = "Ignyte.BlazorMessenger.Client", "Ignyte.BlazorMessenger.Client\Ignyte.BlazorMessenger.Client.csproj", "{7921ACC2-217B-4FA0-A651-09E6D98B2251}"
EndProject
Project("{FAE04EC0-301F-11D3-BF4B-00C04F79EFBC}") = "Ignyte.BlazorMessenger.MAUI", "Ignyte.BlazorMessenger.MAUI\Ignyte.BlazorMessenger.MAUI.csproj", "{D64501A1-D4C9-4969-ADAD-7C7AB2D6EC2F}"
EndProject
Project("{FAE04EC0-301F-11D3-BF4B-00C04F79EFBC}") = "Ignyte.BlazorMessenger.ChatUI", "Ignyte.BlazorMessenger.ChatUI\Ignyte.BlazorMessenger.ChatUI.csproj", "{ACB5A9B5-A026-453E-B69E-B7CBD935482F}"
EndProject
Global
	GlobalSection(SolutionConfigurationPlatforms) = preSolution
		Debug|Any CPU = Debug|Any CPU
		Release|Any CPU = Release|Any CPU
	EndGlobalSection
	GlobalSection(ProjectConfigurationPlatforms) = postSolution
		{DB581695-42BC-43AD-B06B-F21A47BF26F6}.Debug|Any CPU.ActiveCfg = Debug|Any CPU
		{DB581695-42BC-43AD-B06B-F21A47BF26F6}.Debug|Any CPU.Build.0 = Debug|Any CPU
		{DB581695-42BC-43AD-B06B-F21A47BF26F6}.Release|Any CPU.ActiveCfg = Release|Any CPU
		{DB581695-42BC-43AD-B06B-F21A47BF26F6}.Release|Any CPU.Build.0 = Release|Any CPU
		{EADA7F30-01F2-4364-AA0E-B3B13CA3CEDD}.Debug|Any CPU.ActiveCfg = Debug|Any CPU
		{EADA7F30-01F2-4364-AA0E-B3B13CA3CEDD}.Debug|Any CPU.Build.0 = Debug|Any CPU
		{EADA7F30-01F2-4364-AA0E-B3B13CA3CEDD}.Release|Any CPU.ActiveCfg = Release|Any CPU
		{EADA7F30-01F2-4364-AA0E-B3B13CA3CEDD}.Release|Any CPU.Build.0 = Release|Any CPU
		{7921ACC2-217B-4FA0-A651-09E6D98B2251}.Debug|Any CPU.ActiveCfg = Debug|Any CPU
		{7921ACC2-217B-4FA0-A651-09E6D98B2251}.Debug|Any CPU.Build.0 = Debug|Any CPU
		{7921ACC2-217B-4FA0-A651-09E6D98B2251}.Release|Any CPU.ActiveCfg = Release|Any CPU
		{7921ACC2-217B-4FA0-A651-09E6D98B2251}.Release|Any CPU.Build.0 = Release|Any CPU
		{D64501A1-D4C9-4969-ADAD-7C7AB2D6EC2F}.Debug|Any CPU.ActiveCfg = Debug|Any CPU
		{D64501A1-D4C9-4969-ADAD-7C7AB2D6EC2F}.Debug|Any CPU.Build.0 = Debug|Any CPU
		{D64501A1-D4C9-4969-ADAD-7C7AB2D6EC2F}.Release|Any CPU.ActiveCfg = Release|Any CPU
		{D64501A1-D4C9-4969-ADAD-7C7AB2D6EC2F}.Release|Any CPU.Build.0 = Release|Any CPU
		{ACB5A9B5-A026-453E-B69E-B7CBD935482F}.Debug|Any CPU.ActiveCfg = Debug|Any CPU
		{ACB5A9B5-A026-453E-B69E-B7CBD935482F}.Debug|Any CPU.Build.0 = Debug|Any CPU
		{ACB5A9B5-A026-453E-B69E-B7CBD935482F}.Release|Any CPU.ActiveCfg = Release|Any CPU
		{ACB5A9B5-A026-453E-B69E-B7CBD935482F}.Release|Any CPU.Build.0 = Release|Any CPU
	EndGlobalSection
	GlobalSection(SolutionProperties) = preSolution
		HideSolutionNode = FALSE
	EndGlobalSection
	GlobalSection(ExtensibilityGlobals) = postSolution
		SolutionGuid = {6C7B2780-0692-4C31-9557-3D9CA6823F11}
	EndGlobalSection
EndGlobal
